
Microsoft Visual Studio Solution File, Format Version 12.00
# Visual Studio Version 16
VisualStudioVersion = 16.0.31005.135
MinimumVisualStudioVersion = 10.0.40219.1
Project("{FAE04EC0-301F-11D3-BF4B-00C04F79EFBC}") = "Lab11code", "Lab11code\Lab11code.csproj", "{B1798287-8CF2-4D8C-8923-C17567C60E8D}"
EndProject
Project("{FAE04EC0-301F-11D3-BF4B-00C04F79EFBC}") = "Lab11code2", "Lab11code2\Lab11code2.csproj", "{7BC22522-409A-4A60-82F6-3275E87097A6}"
EndProject
Global
	GlobalSection(SolutionConfigurationPlatforms) = preSolution
		Debug|Any CPU = Debug|Any CPU
		Release|Any CPU = Release|Any CPU
	EndGlobalSection
	GlobalSection(ProjectConfigurationPlatforms) = postSolution
		{B1798287-8CF2-4D8C-8923-C17567C60E8D}.Debug|Any CPU.ActiveCfg = Debug|Any CPU
		{B1798287-8CF2-4D8C-8923-C17567C60E8D}.Debug|Any CPU.Build.0 = Debug|Any CPU
		{B1798287-8CF2-4D8C-8923-C17567C60E8D}.Release|Any CPU.ActiveCfg = Release|Any CPU
		{B1798287-8CF2-4D8C-8923-C17567C60E8D}.Release|Any CPU.Build.0 = Release|Any CPU
		{7BC22522-409A-4A60-82F6-3275E87097A6}.Debug|Any CPU.ActiveCfg = Debug|Any CPU
		{7BC22522-409A-4A60-82F6-3275E87097A6}.Debug|Any CPU.Build.0 = Debug|Any CPU
		{7BC22522-409A-4A60-82F6-3275E87097A6}.Release|Any CPU.ActiveCfg = Release|Any CPU
		{7BC22522-409A-4A60-82F6-3275E87097A6}.Release|Any CPU.Build.0 = Release|Any CPU
	EndGlobalSection
	GlobalSection(SolutionProperties) = preSolution
		HideSolutionNode = FALSE
	EndGlobalSection
	GlobalSection(ExtensibilityGlobals) = postSolution
		SolutionGuid = {F01F0FD0-8700-4E49-AB25-20D1F4DE805B}
	EndGlobalSection
EndGlobal
