
Microsoft Visual Studio Solution File, Format Version 12.00
# Visual Studio Version 16
VisualStudioVersion = 16.0.31005.135
MinimumVisualStudioVersion = 10.0.40219.1
Project("{FAE04EC0-301F-11D3-BF4B-00C04F79EFBC}") = "Lab6code1", "Lab6code1\Lab6code1.csproj", "{C6F9DA71-2A3D-429B-B08F-469665C8ED9D}"
EndProject
Project("{FAE04EC0-301F-11D3-BF4B-00C04F79EFBC}") = "Lab6code2", "Lab6code2\Lab6code2.csproj", "{0E9D152B-32B1-4BBD-87EA-EA2F01F75F4C}"
EndProject
Global
	GlobalSection(SolutionConfigurationPlatforms) = preSolution
		Debug|Any CPU = Debug|Any CPU
		Release|Any CPU = Release|Any CPU
	EndGlobalSection
	GlobalSection(ProjectConfigurationPlatforms) = postSolution
		{C6F9DA71-2A3D-429B-B08F-469665C8ED9D}.Debug|Any CPU.ActiveCfg = Debug|Any CPU
		{C6F9DA71-2A3D-429B-B08F-469665C8ED9D}.Debug|Any CPU.Build.0 = Debug|Any CPU
		{C6F9DA71-2A3D-429B-B08F-469665C8ED9D}.Release|Any CPU.ActiveCfg = Release|Any CPU
		{C6F9DA71-2A3D-429B-B08F-469665C8ED9D}.Release|Any CPU.Build.0 = Release|Any CPU
		{0E9D152B-32B1-4BBD-87EA-EA2F01F75F4C}.Debug|Any CPU.ActiveCfg = Debug|Any CPU
		{0E9D152B-32B1-4BBD-87EA-EA2F01F75F4C}.Debug|Any CPU.Build.0 = Debug|Any CPU
		{0E9D152B-32B1-4BBD-87EA-EA2F01F75F4C}.Release|Any CPU.ActiveCfg = Release|Any CPU
		{0E9D152B-32B1-4BBD-87EA-EA2F01F75F4C}.Release|Any CPU.Build.0 = Release|Any CPU
	EndGlobalSection
	GlobalSection(SolutionProperties) = preSolution
		HideSolutionNode = FALSE
	EndGlobalSection
	GlobalSection(ExtensibilityGlobals) = postSolution
		SolutionGuid = {5B520146-0006-45D0-A173-6E8D56EAB65C}
	EndGlobalSection
EndGlobal
