
Microsoft Visual Studio Solution File, Format Version 12.00
# Visual Studio Version 16
VisualStudioVersion = 16.0.31005.135
MinimumVisualStudioVersion = 10.0.40219.1
Project("{FAE04EC0-301F-11D3-BF4B-00C04F79EFBC}") = "Lab7code", "Lab7code\Lab7code.csproj", "{01E76FF2-067B-412F-B6E1-4E3AB2453A36}"
EndProject
Project("{FAE04EC0-301F-11D3-BF4B-00C04F79EFBC}") = "Lab7code2", "Lab7code2\Lab7code2.csproj", "{8C447313-263F-4FE3-90E1-8B6E42ECB8AA}"
EndProject
Project("{FAE04EC0-301F-11D3-BF4B-00C04F79EFBC}") = "Lab7logic3", "Lab7logic3\Lab7logic3.csproj", "{07F2345B-C2EB-4F44-A7A8-1A27B509CDE0}"
EndProject
Project("{FAE04EC0-301F-11D3-BF4B-00C04F79EFBC}") = "Lab7code3", "Lab7code3\Lab7code3.csproj", "{521CA322-F9C5-4D52-A20D-C34182DC0963}"
EndProject
Global
	GlobalSection(SolutionConfigurationPlatforms) = preSolution
		Debug|Any CPU = Debug|Any CPU
		Release|Any CPU = Release|Any CPU
	EndGlobalSection
	GlobalSection(ProjectConfigurationPlatforms) = postSolution
		{01E76FF2-067B-412F-B6E1-4E3AB2453A36}.Debug|Any CPU.ActiveCfg = Debug|Any CPU
		{01E76FF2-067B-412F-B6E1-4E3AB2453A36}.Debug|Any CPU.Build.0 = Debug|Any CPU
		{01E76FF2-067B-412F-B6E1-4E3AB2453A36}.Release|Any CPU.ActiveCfg = Release|Any CPU
		{01E76FF2-067B-412F-B6E1-4E3AB2453A36}.Release|Any CPU.Build.0 = Release|Any CPU
		{8C447313-263F-4FE3-90E1-8B6E42ECB8AA}.Debug|Any CPU.ActiveCfg = Debug|Any CPU
		{8C447313-263F-4FE3-90E1-8B6E42ECB8AA}.Debug|Any CPU.Build.0 = Debug|Any CPU
		{8C447313-263F-4FE3-90E1-8B6E42ECB8AA}.Release|Any CPU.ActiveCfg = Release|Any CPU
		{8C447313-263F-4FE3-90E1-8B6E42ECB8AA}.Release|Any CPU.Build.0 = Release|Any CPU
		{07F2345B-C2EB-4F44-A7A8-1A27B509CDE0}.Debug|Any CPU.ActiveCfg = Debug|Any CPU
		{07F2345B-C2EB-4F44-A7A8-1A27B509CDE0}.Debug|Any CPU.Build.0 = Debug|Any CPU
		{07F2345B-C2EB-4F44-A7A8-1A27B509CDE0}.Release|Any CPU.ActiveCfg = Release|Any CPU
		{07F2345B-C2EB-4F44-A7A8-1A27B509CDE0}.Release|Any CPU.Build.0 = Release|Any CPU
		{521CA322-F9C5-4D52-A20D-C34182DC0963}.Debug|Any CPU.ActiveCfg = Debug|Any CPU
		{521CA322-F9C5-4D52-A20D-C34182DC0963}.Debug|Any CPU.Build.0 = Debug|Any CPU
		{521CA322-F9C5-4D52-A20D-C34182DC0963}.Release|Any CPU.ActiveCfg = Release|Any CPU
		{521CA322-F9C5-4D52-A20D-C34182DC0963}.Release|Any CPU.Build.0 = Release|Any CPU
	EndGlobalSection
	GlobalSection(SolutionProperties) = preSolution
		HideSolutionNode = FALSE
	EndGlobalSection
	GlobalSection(ExtensibilityGlobals) = postSolution
		SolutionGuid = {AB533FFF-D015-4F38-86C3-FAD85AD3C4F4}
	EndGlobalSection
EndGlobal
