
Microsoft Visual Studio Solution File, Format Version 12.00
# Visual Studio Version 16
VisualStudioVersion = 16.0.31005.135
MinimumVisualStudioVersion = 10.0.40219.1
Project("{FAE04EC0-301F-11D3-BF4B-00C04F79EFBC}") = "Lab4code1", "Lab4code1\Lab4code1.csproj", "{6B138289-123D-4FCD-89D3-DCD87BC56EEA}"
EndProject
Project("{FAE04EC0-301F-11D3-BF4B-00C04F79EFBC}") = "Mylogic1", "Mylogic1\Mylogic1.csproj", "{5956409F-7113-426B-89DA-6E7F506F5310}"
EndProject
Project("{FAE04EC0-301F-11D3-BF4B-00C04F79EFBC}") = "lab4code2", "lab4code2\lab4code2.csproj", "{0BA96C63-6001-4D95-B8A0-7CC3E15E2AE7}"
EndProject
Global
	GlobalSection(SolutionConfigurationPlatforms) = preSolution
		Debug|Any CPU = Debug|Any CPU
		Release|Any CPU = Release|Any CPU
	EndGlobalSection
	GlobalSection(ProjectConfigurationPlatforms) = postSolution
		{6B138289-123D-4FCD-89D3-DCD87BC56EEA}.Debug|Any CPU.ActiveCfg = Debug|Any CPU
		{6B138289-123D-4FCD-89D3-DCD87BC56EEA}.Debug|Any CPU.Build.0 = Debug|Any CPU
		{6B138289-123D-4FCD-89D3-DCD87BC56EEA}.Release|Any CPU.ActiveCfg = Release|Any CPU
		{6B138289-123D-4FCD-89D3-DCD87BC56EEA}.Release|Any CPU.Build.0 = Release|Any CPU
		{5956409F-7113-426B-89DA-6E7F506F5310}.Debug|Any CPU.ActiveCfg = Debug|Any CPU
		{5956409F-7113-426B-89DA-6E7F506F5310}.Debug|Any CPU.Build.0 = Debug|Any CPU
		{5956409F-7113-426B-89DA-6E7F506F5310}.Release|Any CPU.ActiveCfg = Release|Any CPU
		{5956409F-7113-426B-89DA-6E7F506F5310}.Release|Any CPU.Build.0 = Release|Any CPU
		{0BA96C63-6001-4D95-B8A0-7CC3E15E2AE7}.Debug|Any CPU.ActiveCfg = Debug|Any CPU
		{0BA96C63-6001-4D95-B8A0-7CC3E15E2AE7}.Debug|Any CPU.Build.0 = Debug|Any CPU
		{0BA96C63-6001-4D95-B8A0-7CC3E15E2AE7}.Release|Any CPU.ActiveCfg = Release|Any CPU
		{0BA96C63-6001-4D95-B8A0-7CC3E15E2AE7}.Release|Any CPU.Build.0 = Release|Any CPU
	EndGlobalSection
	GlobalSection(SolutionProperties) = preSolution
		HideSolutionNode = FALSE
	EndGlobalSection
	GlobalSection(ExtensibilityGlobals) = postSolution
		SolutionGuid = {32CF6CD8-0D2E-4349-B7D8-91DC50AB28AA}
	EndGlobalSection
EndGlobal
