
Microsoft Visual Studio Solution File, Format Version 12.00
# Visual Studio Version 16
VisualStudioVersion = 16.0.31005.135
MinimumVisualStudioVersion = 10.0.40219.1
Project("{FAE04EC0-301F-11D3-BF4B-00C04F79EFBC}") = "Lab8code", "Lab8code\Lab8code.csproj", "{61E18714-DAD5-4EEB-90AC-4A4D06DF0C33}"
EndProject
Project("{FAE04EC0-301F-11D3-BF4B-00C04F79EFBC}") = "Lab8code2", "Lab8code2\Lab8code2.csproj", "{1EEC9A14-FD43-4772-BF03-A169E80BC2CA}"
EndProject
Global
	GlobalSection(SolutionConfigurationPlatforms) = preSolution
		Debug|Any CPU = Debug|Any CPU
		Release|Any CPU = Release|Any CPU
	EndGlobalSection
	GlobalSection(ProjectConfigurationPlatforms) = postSolution
		{61E18714-DAD5-4EEB-90AC-4A4D06DF0C33}.Debug|Any CPU.ActiveCfg = Debug|Any CPU
		{61E18714-DAD5-4EEB-90AC-4A4D06DF0C33}.Debug|Any CPU.Build.0 = Debug|Any CPU
		{61E18714-DAD5-4EEB-90AC-4A4D06DF0C33}.Release|Any CPU.ActiveCfg = Release|Any CPU
		{61E18714-DAD5-4EEB-90AC-4A4D06DF0C33}.Release|Any CPU.Build.0 = Release|Any CPU
		{1EEC9A14-FD43-4772-BF03-A169E80BC2CA}.Debug|Any CPU.ActiveCfg = Debug|Any CPU
		{1EEC9A14-FD43-4772-BF03-A169E80BC2CA}.Debug|Any CPU.Build.0 = Debug|Any CPU
		{1EEC9A14-FD43-4772-BF03-A169E80BC2CA}.Release|Any CPU.ActiveCfg = Release|Any CPU
		{1EEC9A14-FD43-4772-BF03-A169E80BC2CA}.Release|Any CPU.Build.0 = Release|Any CPU
	EndGlobalSection
	GlobalSection(SolutionProperties) = preSolution
		HideSolutionNode = FALSE
	EndGlobalSection
	GlobalSection(ExtensibilityGlobals) = postSolution
		SolutionGuid = {EA3224CF-08F1-4B7B-8F9B-50878DDA55EA}
	EndGlobalSection
EndGlobal
